// !$*UTF8*$!
{
	archiveVersion = 1;
	classes = {
	};
	objectVersion = 54;
	objects = {

/* Begin PBXBuildFile section */
		029A135CDB174E2F9B807C29 /* gradient-3-Icon-60x60@3x.png in Resources */ = {isa = PBXBuildFile; fileRef = 105D7425A3DE4D67AD8C9B9F /* gradient-3-Icon-60x60@3x.png */; };
		137FBD097B4749D8B6A4A799 /* green-Icon-60x60@3x.png in Resources */ = {isa = PBXBuildFile; fileRef = 7D7756848AE848D2BF26CC93 /* green-Icon-60x60@3x.png */; };
		13B07FBF1A68108700A75B9A /* Images.xcassets in Resources */ = {isa = PBXBuildFile; fileRef = 13B07FB51A68108700A75B9A /* Images.xcassets */; };
		1F943747B36A40448B60068A /* gradient-4-Icon-60x60@3x.png in Resources */ = {isa = PBXBuildFile; fileRef = 120AC2FA11564D38A2989101 /* gradient-4-Icon-60x60@3x.png */; };
		216D0F02C3104C3C8EBD2E11 /* pink-Icon-60x60@2x.png in Resources */ = {isa = PBXBuildFile; fileRef = 80AA0805A4C843C890A1190F /* pink-Icon-60x60@2x.png */; };
		25D9DB8F76C944D9833A4511 /* gradient-2-Icon-60x60@2x.png in Resources */ = {isa = PBXBuildFile; fileRef = 378043E1F9954D9082BE475B /* gradient-2-Icon-60x60@2x.png */; };
		2AEDC5D7CA06453AABF30D6E /* gradient-9-Icon-60x60@3x.png in Resources */ = {isa = PBXBuildFile; fileRef = 7E0F03733B4443D6A36573A0 /* gradient-9-Icon-60x60@3x.png */; };
		2C7DA3FB12B24652891B8A64 /* gradient-2-Icon-60x60@3x.png in Resources */ = {isa = PBXBuildFile; fileRef = 322E54F8EBC741DAAE9A3E06 /* gradient-2-Icon-60x60@3x.png */; };
		318DE1695CEF42A7B364D4AA /* pink-Icon-60x60@3x.png in Resources */ = {isa = PBXBuildFile; fileRef = 5E563B0C06BC45C6B0C65313 /* pink-Icon-60x60@3x.png */; };
		3900EC7588AE4874B2B61F26 /* default-Icon-60x60@3x.png in Resources */ = {isa = PBXBuildFile; fileRef = 70D3407820D24EC497325C2F /* default-Icon-60x60@3x.png */; };
		3E461D99554A48A4959DE609 /* SplashScreen.storyboard in Resources */ = {isa = PBXBuildFile; fileRef = AA286B85B6C04FC6940260E9 /* SplashScreen.storyboard */; };
		3F22D54639B4450AAA261B4B /* yellow-Icon-60x60@3x.png in Resources */ = {isa = PBXBuildFile; fileRef = 87F78AE1307B44E0BE2BDC6C /* yellow-Icon-60x60@3x.png */; };
		47FBE9CA17B34A6F9AB2F259 /* gradient-8-Icon-60x60@3x.png in Resources */ = {isa = PBXBuildFile; fileRef = 9AF633EF1F2B40EE907EC34C /* gradient-8-Icon-60x60@3x.png */; };
		52F13628836C4FEEB6F3039F /* gradient-7-Icon-60x60@2x.png in Resources */ = {isa = PBXBuildFile; fileRef = CC155D3ACDF8438B9E06020A /* gradient-7-Icon-60x60@2x.png */; };
		594BF4CC1E354554ABD1122E /* green-Icon-60x60@2x.png in Resources */ = {isa = PBXBuildFile; fileRef = 4E9A0822CD424B569CBA1CF4 /* green-Icon-60x60@2x.png */; };
		5A510CF6F7213F786B64F66D /* libPods-FormAI.a in Frameworks */ = {isa = PBXBuildFile; fileRef = A5FC34A6707D19CB362E7D1B /* libPods-FormAI.a */; };
		5A8551482E08FAC82CD07A67 /* PrivacyInfo.xcprivacy in Resources */ = {isa = PBXBuildFile; fileRef = 7D53C5FC16DFF6DB486F5E64 /* PrivacyInfo.xcprivacy */; };
		5BDD2C994511428FA4B4AC1E /* orange-Icon-60x60@2x.png in Resources */ = {isa = PBXBuildFile; fileRef = 15F7905919FE42D1BB5B1070 /* orange-Icon-60x60@2x.png */; };
		602C91656B2C40B49A2B331F /* gradient-7-Icon-60x60@3x.png in Resources */ = {isa = PBXBuildFile; fileRef = 188634115B47467DB492D96D /* gradient-7-Icon-60x60@3x.png */; };
		64BF8F07F56D43A1B6B71701 /* gradient-6-Icon-60x60@3x.png in Resources */ = {isa = PBXBuildFile; fileRef = 7AD5220811AA44EAA3F0BDAC /* gradient-6-Icon-60x60@3x.png */; };
		70F16A16E59B4A54BCDDF1BE /* gradient-6-Icon-60x60@2x.png in Resources */ = {isa = PBXBuildFile; fileRef = 54E4FC2896084A2F8C57799C /* gradient-6-Icon-60x60@2x.png */; };
		84DD11CA3CB34608B5732FD4 /* purple-Icon-60x60@3x.png in Resources */ = {isa = PBXBuildFile; fileRef = BB978AEB9F454F148839BAA8 /* purple-Icon-60x60@3x.png */; };
		8582F51671D894BA8A4380B0 /* ExpoModulesProvider.swift in Sources */ = {isa = PBXBuildFile; fileRef = 67EAAE229064A532D588C986 /* ExpoModulesProvider.swift */; };
		86E5BC1F6C914F4EB165240F /* purple-Icon-60x60@2x.png in Resources */ = {isa = PBXBuildFile; fileRef = 99FEC00215BF4BC28A7AD3E0 /* purple-Icon-60x60@2x.png */; };
		8911BAE9EFAD4E70A5E4A01F /* gradient-9-Icon-60x60@2x.png in Resources */ = {isa = PBXBuildFile; fileRef = A0F825F4587F4B9F8219B69C /* gradient-9-Icon-60x60@2x.png */; };
		8FD71654391044BDAFB693DF /* gradient-1-Icon-60x60@2x.png in Resources */ = {isa = PBXBuildFile; fileRef = 552E1B7F5E774AD1A179EC94 /* gradient-1-Icon-60x60@2x.png */; };
		9456608167E3495AAA17B4C8 /* black-Icon-60x60@2x.png in Resources */ = {isa = PBXBuildFile; fileRef = 6E9572DCF60049808848875F /* black-Icon-60x60@2x.png */; };
		9F1015FF00EA4C2780942827 /* gradient-10-Icon-60x60@3x.png in Resources */ = {isa = PBXBuildFile; fileRef = 7C2B2B83E4AA40F78099A431 /* gradient-10-Icon-60x60@3x.png */; };
		A6340633339F48B89DB53B55 /* blue-Icon-60x60@3x.png in Resources */ = {isa = PBXBuildFile; fileRef = 7B029679F72D4F35A90D2061 /* blue-Icon-60x60@3x.png */; };
		AEFAFDFB5D084771AA77A35B /* black-Icon-60x60@3x.png in Resources */ = {isa = PBXBuildFile; fileRef = C6E8866695C24552B4B7211F /* black-Icon-60x60@3x.png */; };
		BB2F792D24A3F905000567C9 /* Expo.plist in Resources */ = {isa = PBXBuildFile; fileRef = BB2F792C24A3F905000567C9 /* Expo.plist */; };
		BB550A248B9C4FF091EC9AB5 /* gradient-10-Icon-60x60@2x.png in Resources */ = {isa = PBXBuildFile; fileRef = 85886428D0C34BE9B51D1A85 /* gradient-10-Icon-60x60@2x.png */; };
		C65D379E006B472EBC9F8EBC /* gradient-4-Icon-60x60@2x.png in Resources */ = {isa = PBXBuildFile; fileRef = 4D079FCA487A419280B74B79 /* gradient-4-Icon-60x60@2x.png */; };
		C7E13CBEBF5D4AEBB6BAD0F2 /* gradient-1-Icon-60x60@3x.png in Resources */ = {isa = PBXBuildFile; fileRef = C48153C29B034947AC4A71BF /* gradient-1-Icon-60x60@3x.png */; };
		D0F6D2F66FA44FEEBBEC2332 /* blue-Icon-60x60@2x.png in Resources */ = {isa = PBXBuildFile; fileRef = FB60627D516B4E8589099DCA /* blue-Icon-60x60@2x.png */; };
		D50E5C7530AA49C59511B39E /* gradient-5-Icon-60x60@2x.png in Resources */ = {isa = PBXBuildFile; fileRef = 1F63B203498148BE95573E7B /* gradient-5-Icon-60x60@2x.png */; };
		D86398CCE22C4F0D9C6787BE /* red-Icon-60x60@3x.png in Resources */ = {isa = PBXBuildFile; fileRef = 0D4862550065473788817775 /* red-Icon-60x60@3x.png */; };
		DA1C708D109B4EE68A2CD11D /* default-Icon-60x60@2x.png in Resources */ = {isa = PBXBuildFile; fileRef = 54B516F91308484AA2170A27 /* default-Icon-60x60@2x.png */; };
		DCE26400C588431CAF44BDBA /* gradient-3-Icon-60x60@2x.png in Resources */ = {isa = PBXBuildFile; fileRef = D629165A26DD4F91AFC9BA34 /* gradient-3-Icon-60x60@2x.png */; };
		DD0FCB6836144F45B15F3AC6 /* gradient-8-Icon-60x60@2x.png in Resources */ = {isa = PBXBuildFile; fileRef = 052CB683E9A4446790B839E2 /* gradient-8-Icon-60x60@2x.png */; };
		E08BC3B2EF9D4650BECE15B3 /* orange-Icon-60x60@3x.png in Resources */ = {isa = PBXBuildFile; fileRef = 63F43D79B2E4422993A6C78D /* orange-Icon-60x60@3x.png */; };
		ED70D0FDBBEF4127B1A934A7 /* gradient-5-Icon-60x60@3x.png in Resources */ = {isa = PBXBuildFile; fileRef = 1836A39EA425446A9991D2E0 /* gradient-5-Icon-60x60@3x.png */; };
		F11748422D0307B40044C1D9 /* AppDelegate.swift in Sources */ = {isa = PBXBuildFile; fileRef = F11748412D0307B40044C1D9 /* AppDelegate.swift */; };
		F370E9913D1B4C93AC314834 /* yellow-Icon-60x60@2x.png in Resources */ = {isa = PBXBuildFile; fileRef = C62421BC0BC3401B9CF28292 /* yellow-Icon-60x60@2x.png */; };
		FB2F73A951834E9FA7A2E087 /* red-Icon-60x60@2x.png in Resources */ = {isa = PBXBuildFile; fileRef = 5374E40FEDE04551A2B8A945 /* red-Icon-60x60@2x.png */; };
/* End PBXBuildFile section */

/* Begin PBXFileReference section */
		052CB683E9A4446790B839E2 /* gradient-8-Icon-60x60@2x.png */ = {isa = PBXFileReference; explicitFileType = undefined; fileEncoding = undefined; includeInIndex = 0; lastKnownFileType = unknown; name = "gradient-8-Icon-60x60@2x.png"; path = "FormAI/DynamicAppIcons/gradient-8-Icon-60x60@2x.png"; sourceTree = "<group>"; };
		0D4862550065473788817775 /* red-Icon-60x60@3x.png */ = {isa = PBXFileReference; explicitFileType = undefined; fileEncoding = undefined; includeInIndex = 0; lastKnownFileType = unknown; name = "red-Icon-60x60@3x.png"; path = "FormAI/DynamicAppIcons/red-Icon-60x60@3x.png"; sourceTree = "<group>"; };
		105D7425A3DE4D67AD8C9B9F /* gradient-3-Icon-60x60@3x.png */ = {isa = PBXFileReference; explicitFileType = undefined; fileEncoding = undefined; includeInIndex = 0; lastKnownFileType = unknown; name = "gradient-3-Icon-60x60@3x.png"; path = "FormAI/DynamicAppIcons/gradient-3-Icon-60x60@3x.png"; sourceTree = "<group>"; };
		120AC2FA11564D38A2989101 /* gradient-4-Icon-60x60@3x.png */ = {isa = PBXFileReference; explicitFileType = undefined; fileEncoding = undefined; includeInIndex = 0; lastKnownFileType = unknown; name = "gradient-4-Icon-60x60@3x.png"; path = "FormAI/DynamicAppIcons/gradient-4-Icon-60x60@3x.png"; sourceTree = "<group>"; };
		13B07F961A680F5B00A75B9A /* FormAI.app */ = {isa = PBXFileReference; explicitFileType = wrapper.application; includeInIndex = 0; path = FormAI.app; sourceTree = BUILT_PRODUCTS_DIR; };
		13B07FB51A68108700A75B9A /* Images.xcassets */ = {isa = PBXFileReference; lastKnownFileType = folder.assetcatalog; name = Images.xcassets; path = FormAI/Images.xcassets; sourceTree = "<group>"; };
		13B07FB61A68108700A75B9A /* Info.plist */ = {isa = PBXFileReference; fileEncoding = 4; lastKnownFileType = text.plist.xml; name = Info.plist; path = FormAI/Info.plist; sourceTree = "<group>"; };
		15F7905919FE42D1BB5B1070 /* orange-Icon-60x60@2x.png */ = {isa = PBXFileReference; explicitFileType = undefined; fileEncoding = undefined; includeInIndex = 0; lastKnownFileType = unknown; name = "orange-Icon-60x60@2x.png"; path = "FormAI/DynamicAppIcons/orange-Icon-60x60@2x.png"; sourceTree = "<group>"; };
		1836A39EA425446A9991D2E0 /* gradient-5-Icon-60x60@3x.png */ = {isa = PBXFileReference; explicitFileType = undefined; fileEncoding = undefined; includeInIndex = 0; lastKnownFileType = unknown; name = "gradient-5-Icon-60x60@3x.png"; path = "FormAI/DynamicAppIcons/gradient-5-Icon-60x60@3x.png"; sourceTree = "<group>"; };
		188634115B47467DB492D96D /* gradient-7-Icon-60x60@3x.png */ = {isa = PBXFileReference; explicitFileType = undefined; fileEncoding = undefined; includeInIndex = 0; lastKnownFileType = unknown; name = "gradient-7-Icon-60x60@3x.png"; path = "FormAI/DynamicAppIcons/gradient-7-Icon-60x60@3x.png"; sourceTree = "<group>"; };
		1F63B203498148BE95573E7B /* gradient-5-Icon-60x60@2x.png */ = {isa = PBXFileReference; explicitFileType = undefined; fileEncoding = undefined; includeInIndex = 0; lastKnownFileType = unknown; name = "gradient-5-Icon-60x60@2x.png"; path = "FormAI/DynamicAppIcons/gradient-5-Icon-60x60@2x.png"; sourceTree = "<group>"; };
		322E54F8EBC741DAAE9A3E06 /* gradient-2-Icon-60x60@3x.png */ = {isa = PBXFileReference; explicitFileType = undefined; fileEncoding = undefined; includeInIndex = 0; lastKnownFileType = unknown; name = "gradient-2-Icon-60x60@3x.png"; path = "FormAI/DynamicAppIcons/gradient-2-Icon-60x60@3x.png"; sourceTree = "<group>"; };
		378043E1F9954D9082BE475B /* gradient-2-Icon-60x60@2x.png */ = {isa = PBXFileReference; explicitFileType = undefined; fileEncoding = undefined; includeInIndex = 0; lastKnownFileType = unknown; name = "gradient-2-Icon-60x60@2x.png"; path = "FormAI/DynamicAppIcons/gradient-2-Icon-60x60@2x.png"; sourceTree = "<group>"; };
		3C3BC0C736A3807C16049899 /* Pods-FormAI.release.xcconfig */ = {isa = PBXFileReference; includeInIndex = 1; lastKnownFileType = text.xcconfig; name = "Pods-FormAI.release.xcconfig"; path = "Target Support Files/Pods-FormAI/Pods-FormAI.release.xcconfig"; sourceTree = "<group>"; };
		4D079FCA487A419280B74B79 /* gradient-4-Icon-60x60@2x.png */ = {isa = PBXFileReference; explicitFileType = undefined; fileEncoding = undefined; includeInIndex = 0; lastKnownFileType = unknown; name = "gradient-4-Icon-60x60@2x.png"; path = "FormAI/DynamicAppIcons/gradient-4-Icon-60x60@2x.png"; sourceTree = "<group>"; };
		4E9A0822CD424B569CBA1CF4 /* green-Icon-60x60@2x.png */ = {isa = PBXFileReference; explicitFileType = undefined; fileEncoding = undefined; includeInIndex = 0; lastKnownFileType = unknown; name = "green-Icon-60x60@2x.png"; path = "FormAI/DynamicAppIcons/green-Icon-60x60@2x.png"; sourceTree = "<group>"; };
		5374E40FEDE04551A2B8A945 /* red-Icon-60x60@2x.png */ = {isa = PBXFileReference; explicitFileType = undefined; fileEncoding = undefined; includeInIndex = 0; lastKnownFileType = unknown; name = "red-Icon-60x60@2x.png"; path = "FormAI/DynamicAppIcons/red-Icon-60x60@2x.png"; sourceTree = "<group>"; };
		54B516F91308484AA2170A27 /* default-Icon-60x60@2x.png */ = {isa = PBXFileReference; explicitFileType = undefined; fileEncoding = undefined; includeInIndex = 0; lastKnownFileType = unknown; name = "default-Icon-60x60@2x.png"; path = "FormAI/DynamicAppIcons/default-Icon-60x60@2x.png"; sourceTree = "<group>"; };
		54E4FC2896084A2F8C57799C /* gradient-6-Icon-60x60@2x.png */ = {isa = PBXFileReference; explicitFileType = undefined; fileEncoding = undefined; includeInIndex = 0; lastKnownFileType = unknown; name = "gradient-6-Icon-60x60@2x.png"; path = "FormAI/DynamicAppIcons/gradient-6-Icon-60x60@2x.png"; sourceTree = "<group>"; };
		552E1B7F5E774AD1A179EC94 /* gradient-1-Icon-60x60@2x.png */ = {isa = PBXFileReference; explicitFileType = undefined; fileEncoding = undefined; includeInIndex = 0; lastKnownFileType = unknown; name = "gradient-1-Icon-60x60@2x.png"; path = "FormAI/DynamicAppIcons/gradient-1-Icon-60x60@2x.png"; sourceTree = "<group>"; };
		5E563B0C06BC45C6B0C65313 /* pink-Icon-60x60@3x.png */ = {isa = PBXFileReference; explicitFileType = undefined; fileEncoding = undefined; includeInIndex = 0; lastKnownFileType = unknown; name = "pink-Icon-60x60@3x.png"; path = "FormAI/DynamicAppIcons/pink-Icon-60x60@3x.png"; sourceTree = "<group>"; };
		63F43D79B2E4422993A6C78D /* orange-Icon-60x60@3x.png */ = {isa = PBXFileReference; explicitFileType = undefined; fileEncoding = undefined; includeInIndex = 0; lastKnownFileType = unknown; name = "orange-Icon-60x60@3x.png"; path = "FormAI/DynamicAppIcons/orange-Icon-60x60@3x.png"; sourceTree = "<group>"; };
		67EAAE229064A532D588C986 /* ExpoModulesProvider.swift */ = {isa = PBXFileReference; includeInIndex = 1; lastKnownFileType = sourcecode.swift; name = ExpoModulesProvider.swift; path = "Pods/Target Support Files/Pods-FormAI/ExpoModulesProvider.swift"; sourceTree = "<group>"; };
		6E9572DCF60049808848875F /* black-Icon-60x60@2x.png */ = {isa = PBXFileReference; explicitFileType = undefined; fileEncoding = undefined; includeInIndex = 0; lastKnownFileType = unknown; name = "black-Icon-60x60@2x.png"; path = "FormAI/DynamicAppIcons/black-Icon-60x60@2x.png"; sourceTree = "<group>"; };
		70D3407820D24EC497325C2F /* default-Icon-60x60@3x.png */ = {isa = PBXFileReference; explicitFileType = undefined; fileEncoding = undefined; includeInIndex = 0; lastKnownFileType = unknown; name = "default-Icon-60x60@3x.png"; path = "FormAI/DynamicAppIcons/default-Icon-60x60@3x.png"; sourceTree = "<group>"; };
		789C4A719D2B54A7FFAEA716 /* Pods-FormAI.debug.xcconfig */ = {isa = PBXFileReference; includeInIndex = 1; lastKnownFileType = text.xcconfig; name = "Pods-FormAI.debug.xcconfig"; path = "Target Support Files/Pods-FormAI/Pods-FormAI.debug.xcconfig"; sourceTree = "<group>"; };
		7AD5220811AA44EAA3F0BDAC /* gradient-6-Icon-60x60@3x.png */ = {isa = PBXFileReference; explicitFileType = undefined; fileEncoding = undefined; includeInIndex = 0; lastKnownFileType = unknown; name = "gradient-6-Icon-60x60@3x.png"; path = "FormAI/DynamicAppIcons/gradient-6-Icon-60x60@3x.png"; sourceTree = "<group>"; };
		7B029679F72D4F35A90D2061 /* blue-Icon-60x60@3x.png */ = {isa = PBXFileReference; explicitFileType = undefined; fileEncoding = undefined; includeInIndex = 0; lastKnownFileType = unknown; name = "blue-Icon-60x60@3x.png"; path = "FormAI/DynamicAppIcons/blue-Icon-60x60@3x.png"; sourceTree = "<group>"; };
		7C2B2B83E4AA40F78099A431 /* gradient-10-Icon-60x60@3x.png */ = {isa = PBXFileReference; explicitFileType = undefined; fileEncoding = undefined; includeInIndex = 0; lastKnownFileType = unknown; name = "gradient-10-Icon-60x60@3x.png"; path = "FormAI/DynamicAppIcons/gradient-10-Icon-60x60@3x.png"; sourceTree = "<group>"; };
		7D53C5FC16DFF6DB486F5E64 /* PrivacyInfo.xcprivacy */ = {isa = PBXFileReference; includeInIndex = 1; name = PrivacyInfo.xcprivacy; path = FormAI/PrivacyInfo.xcprivacy; sourceTree = "<group>"; };
		7D7756848AE848D2BF26CC93 /* green-Icon-60x60@3x.png */ = {isa = PBXFileReference; explicitFileType = undefined; fileEncoding = undefined; includeInIndex = 0; lastKnownFileType = unknown; name = "green-Icon-60x60@3x.png"; path = "FormAI/DynamicAppIcons/green-Icon-60x60@3x.png"; sourceTree = "<group>"; };
		7E0F03733B4443D6A36573A0 /* gradient-9-Icon-60x60@3x.png */ = {isa = PBXFileReference; explicitFileType = undefined; fileEncoding = undefined; includeInIndex = 0; lastKnownFileType = unknown; name = "gradient-9-Icon-60x60@3x.png"; path = "FormAI/DynamicAppIcons/gradient-9-Icon-60x60@3x.png"; sourceTree = "<group>"; };
		80AA0805A4C843C890A1190F /* pink-Icon-60x60@2x.png */ = {isa = PBXFileReference; explicitFileType = undefined; fileEncoding = undefined; includeInIndex = 0; lastKnownFileType = unknown; name = "pink-Icon-60x60@2x.png"; path = "FormAI/DynamicAppIcons/pink-Icon-60x60@2x.png"; sourceTree = "<group>"; };
		85886428D0C34BE9B51D1A85 /* gradient-10-Icon-60x60@2x.png */ = {isa = PBXFileReference; explicitFileType = undefined; fileEncoding = undefined; includeInIndex = 0; lastKnownFileType = unknown; name = "gradient-10-Icon-60x60@2x.png"; path = "FormAI/DynamicAppIcons/gradient-10-Icon-60x60@2x.png"; sourceTree = "<group>"; };
		87F78AE1307B44E0BE2BDC6C /* yellow-Icon-60x60@3x.png */ = {isa = PBXFileReference; explicitFileType = undefined; fileEncoding = undefined; includeInIndex = 0; lastKnownFileType = unknown; name = "yellow-Icon-60x60@3x.png"; path = "FormAI/DynamicAppIcons/yellow-Icon-60x60@3x.png"; sourceTree = "<group>"; };
		99FEC00215BF4BC28A7AD3E0 /* purple-Icon-60x60@2x.png */ = {isa = PBXFileReference; explicitFileType = undefined; fileEncoding = undefined; includeInIndex = 0; lastKnownFileType = unknown; name = "purple-Icon-60x60@2x.png"; path = "FormAI/DynamicAppIcons/purple-Icon-60x60@2x.png"; sourceTree = "<group>"; };
		9AF633EF1F2B40EE907EC34C /* gradient-8-Icon-60x60@3x.png */ = {isa = PBXFileReference; explicitFileType = undefined; fileEncoding = undefined; includeInIndex = 0; lastKnownFileType = unknown; name = "gradient-8-Icon-60x60@3x.png"; path = "FormAI/DynamicAppIcons/gradient-8-Icon-60x60@3x.png"; sourceTree = "<group>"; };
		A0F825F4587F4B9F8219B69C /* gradient-9-Icon-60x60@2x.png */ = {isa = PBXFileReference; explicitFileType = undefined; fileEncoding = undefined; includeInIndex = 0; lastKnownFileType = unknown; name = "gradient-9-Icon-60x60@2x.png"; path = "FormAI/DynamicAppIcons/gradient-9-Icon-60x60@2x.png"; sourceTree = "<group>"; };
		A5FC34A6707D19CB362E7D1B /* libPods-FormAI.a */ = {isa = PBXFileReference; explicitFileType = archive.ar; includeInIndex = 0; path = "libPods-FormAI.a"; sourceTree = BUILT_PRODUCTS_DIR; };
		AA286B85B6C04FC6940260E9 /* SplashScreen.storyboard */ = {isa = PBXFileReference; fileEncoding = 4; lastKnownFileType = file.storyboard; name = SplashScreen.storyboard; path = FormAI/SplashScreen.storyboard; sourceTree = "<group>"; };
		BB2F792C24A3F905000567C9 /* Expo.plist */ = {isa = PBXFileReference; fileEncoding = 4; lastKnownFileType = text.plist.xml; path = Expo.plist; sourceTree = "<group>"; };
		BB978AEB9F454F148839BAA8 /* purple-Icon-60x60@3x.png */ = {isa = PBXFileReference; explicitFileType = undefined; fileEncoding = undefined; includeInIndex = 0; lastKnownFileType = unknown; name = "purple-Icon-60x60@3x.png"; path = "FormAI/DynamicAppIcons/purple-Icon-60x60@3x.png"; sourceTree = "<group>"; };
		C48153C29B034947AC4A71BF /* gradient-1-Icon-60x60@3x.png */ = {isa = PBXFileReference; explicitFileType = undefined; fileEncoding = undefined; includeInIndex = 0; lastKnownFileType = unknown; name = "gradient-1-Icon-60x60@3x.png"; path = "FormAI/DynamicAppIcons/gradient-1-Icon-60x60@3x.png"; sourceTree = "<group>"; };
		C62421BC0BC3401B9CF28292 /* yellow-Icon-60x60@2x.png */ = {isa = PBXFileReference; explicitFileType = undefined; fileEncoding = undefined; includeInIndex = 0; lastKnownFileType = unknown; name = "yellow-Icon-60x60@2x.png"; path = "FormAI/DynamicAppIcons/yellow-Icon-60x60@2x.png"; sourceTree = "<group>"; };
		C6E8866695C24552B4B7211F /* black-Icon-60x60@3x.png */ = {isa = PBXFileReference; explicitFileType = undefined; fileEncoding = undefined; includeInIndex = 0; lastKnownFileType = unknown; name = "black-Icon-60x60@3x.png"; path = "FormAI/DynamicAppIcons/black-Icon-60x60@3x.png"; sourceTree = "<group>"; };
		CC155D3ACDF8438B9E06020A /* gradient-7-Icon-60x60@2x.png */ = {isa = PBXFileReference; explicitFileType = undefined; fileEncoding = undefined; includeInIndex = 0; lastKnownFileType = unknown; name = "gradient-7-Icon-60x60@2x.png"; path = "FormAI/DynamicAppIcons/gradient-7-Icon-60x60@2x.png"; sourceTree = "<group>"; };
		D629165A26DD4F91AFC9BA34 /* gradient-3-Icon-60x60@2x.png */ = {isa = PBXFileReference; explicitFileType = undefined; fileEncoding = undefined; includeInIndex = 0; lastKnownFileType = unknown; name = "gradient-3-Icon-60x60@2x.png"; path = "FormAI/DynamicAppIcons/gradient-3-Icon-60x60@2x.png"; sourceTree = "<group>"; };
		ED297162215061F000B7C4FE /* JavaScriptCore.framework */ = {isa = PBXFileReference; lastKnownFileType = wrapper.framework; name = JavaScriptCore.framework; path = System/Library/Frameworks/JavaScriptCore.framework; sourceTree = SDKROOT; };
		F11748412D0307B40044C1D9 /* AppDelegate.swift */ = {isa = PBXFileReference; lastKnownFileType = sourcecode.swift; name = AppDelegate.swift; path = FormAI/AppDelegate.swift; sourceTree = "<group>"; };
		F11748442D0722820044C1D9 /* FormAI-Bridging-Header.h */ = {isa = PBXFileReference; lastKnownFileType = sourcecode.c.h; name = "FormAI-Bridging-Header.h"; path = "FormAI/FormAI-Bridging-Header.h"; sourceTree = "<group>"; };
		FB60627D516B4E8589099DCA /* blue-Icon-60x60@2x.png */ = {isa = PBXFileReference; explicitFileType = undefined; fileEncoding = undefined; includeInIndex = 0; lastKnownFileType = unknown; name = "blue-Icon-60x60@2x.png"; path = "FormAI/DynamicAppIcons/blue-Icon-60x60@2x.png"; sourceTree = "<group>"; };
/* End PBXFileReference section */

/* Begin PBXFrameworksBuildPhase section */
		13B07F8C1A680F5B00A75B9A /* Frameworks */ = {
			isa = PBXFrameworksBuildPhase;
			buildActionMask = 2147483647;
			files = (
				5A510CF6F7213F786B64F66D /* libPods-FormAI.a in Frameworks */,
			);
			runOnlyForDeploymentPostprocessing = 0;
		};
/* End PBXFrameworksBuildPhase section */

/* Begin PBXGroup section */
		13B07FAE1A68108700A75B9A /* FormAI */ = {
			isa = PBXGroup;
			children = (
				F11748412D0307B40044C1D9 /* AppDelegate.swift */,
				F11748442D0722820044C1D9 /* FormAI-Bridging-Header.h */,
				BB2F792B24A3F905000567C9 /* Supporting */,
				13B07FB51A68108700A75B9A /* Images.xcassets */,
				13B07FB61A68108700A75B9A /* Info.plist */,
				AA286B85B6C04FC6940260E9 /* SplashScreen.storyboard */,
				CC415AEF464B4957AE4918FC /* DynamicAppIcons */,
				7D53C5FC16DFF6DB486F5E64 /* PrivacyInfo.xcprivacy */,
			);
			name = FormAI;
			sourceTree = "<group>";
		};
		2D16E6871FA4F8E400B85C8A /* Frameworks */ = {
			isa = PBXGroup;
			children = (
				ED297162215061F000B7C4FE /* JavaScriptCore.framework */,
				A5FC34A6707D19CB362E7D1B /* libPods-FormAI.a */,
			);
			name = Frameworks;
			sourceTree = "<group>";
		};
		2FBFB5D4C0996D6F4EF2CABF /* ExpoModulesProviders */ = {
			isa = PBXGroup;
			children = (
				D431DEA4EB9F089F6DD28606 /* FormAI */,
			);
			name = ExpoModulesProviders;
			sourceTree = "<group>";
		};
		832341AE1AAA6A7D00B99B32 /* Libraries */ = {
			isa = PBXGroup;
			children = (
			);
			name = Libraries;
			sourceTree = "<group>";
		};
		83CBB9F61A601CBA00E9B192 = {
			isa = PBXGroup;
			children = (
				13B07FAE1A68108700A75B9A /* FormAI */,
				832341AE1AAA6A7D00B99B32 /* Libraries */,
				83CBBA001A601CBA00E9B192 /* Products */,
				2D16E6871FA4F8E400B85C8A /* Frameworks */,
				B2E2BCD269D450D8C27A9799 /* Pods */,
				2FBFB5D4C0996D6F4EF2CABF /* ExpoModulesProviders */,
			);
			indentWidth = 2;
			sourceTree = "<group>";
			tabWidth = 2;
			usesTabs = 0;
		};
		83CBBA001A601CBA00E9B192 /* Products */ = {
			isa = PBXGroup;
			children = (
				13B07F961A680F5B00A75B9A /* FormAI.app */,
			);
			name = Products;
			sourceTree = "<group>";
		};
		B2E2BCD269D450D8C27A9799 /* Pods */ = {
			isa = PBXGroup;
			children = (
				789C4A719D2B54A7FFAEA716 /* Pods-FormAI.debug.xcconfig */,
				3C3BC0C736A3807C16049899 /* Pods-FormAI.release.xcconfig */,
			);
			name = Pods;
			path = Pods;
			sourceTree = "<group>";
		};
		BB2F792B24A3F905000567C9 /* Supporting */ = {
			isa = PBXGroup;
			children = (
				BB2F792C24A3F905000567C9 /* Expo.plist */,
			);
			name = Supporting;
			path = FormAI/Supporting;
			sourceTree = "<group>";
		};
		CC415AEF464B4957AE4918FC /* DynamicAppIcons */ = {
			isa = PBXGroup;
			children = (
				54B516F91308484AA2170A27 /* default-Icon-60x60@2x.png */,
				70D3407820D24EC497325C2F /* default-Icon-60x60@3x.png */,
				6E9572DCF60049808848875F /* black-Icon-60x60@2x.png */,
				C6E8866695C24552B4B7211F /* black-Icon-60x60@3x.png */,
				FB60627D516B4E8589099DCA /* blue-Icon-60x60@2x.png */,
				7B029679F72D4F35A90D2061 /* blue-Icon-60x60@3x.png */,
				4E9A0822CD424B569CBA1CF4 /* green-Icon-60x60@2x.png */,
				7D7756848AE848D2BF26CC93 /* green-Icon-60x60@3x.png */,
				15F7905919FE42D1BB5B1070 /* orange-Icon-60x60@2x.png */,
				63F43D79B2E4422993A6C78D /* orange-Icon-60x60@3x.png */,
				80AA0805A4C843C890A1190F /* pink-Icon-60x60@2x.png */,
				5E563B0C06BC45C6B0C65313 /* pink-Icon-60x60@3x.png */,
				99FEC00215BF4BC28A7AD3E0 /* purple-Icon-60x60@2x.png */,
				BB978AEB9F454F148839BAA8 /* purple-Icon-60x60@3x.png */,
				5374E40FEDE04551A2B8A945 /* red-Icon-60x60@2x.png */,
				0D4862550065473788817775 /* red-Icon-60x60@3x.png */,
				C62421BC0BC3401B9CF28292 /* yellow-Icon-60x60@2x.png */,
				87F78AE1307B44E0BE2BDC6C /* yellow-Icon-60x60@3x.png */,
				552E1B7F5E774AD1A179EC94 /* gradient-1-Icon-60x60@2x.png */,
				C48153C29B034947AC4A71BF /* gradient-1-Icon-60x60@3x.png */,
				378043E1F9954D9082BE475B /* gradient-2-Icon-60x60@2x.png */,
				322E54F8EBC741DAAE9A3E06 /* gradient-2-Icon-60x60@3x.png */,
				D629165A26DD4F91AFC9BA34 /* gradient-3-Icon-60x60@2x.png */,
				105D7425A3DE4D67AD8C9B9F /* gradient-3-Icon-60x60@3x.png */,
				4D079FCA487A419280B74B79 /* gradient-4-Icon-60x60@2x.png */,
				120AC2FA11564D38A2989101 /* gradient-4-Icon-60x60@3x.png */,
				1F63B203498148BE95573E7B /* gradient-5-Icon-60x60@2x.png */,
				1836A39EA425446A9991D2E0 /* gradient-5-Icon-60x60@3x.png */,
				54E4FC2896084A2F8C57799C /* gradient-6-Icon-60x60@2x.png */,
				7AD5220811AA44EAA3F0BDAC /* gradient-6-Icon-60x60@3x.png */,
				CC155D3ACDF8438B9E06020A /* gradient-7-Icon-60x60@2x.png */,
				188634115B47467DB492D96D /* gradient-7-Icon-60x60@3x.png */,
				052CB683E9A4446790B839E2 /* gradient-8-Icon-60x60@2x.png */,
				9AF633EF1F2B40EE907EC34C /* gradient-8-Icon-60x60@3x.png */,
				A0F825F4587F4B9F8219B69C /* gradient-9-Icon-60x60@2x.png */,
				7E0F03733B4443D6A36573A0 /* gradient-9-Icon-60x60@3x.png */,
				85886428D0C34BE9B51D1A85 /* gradient-10-Icon-60x60@2x.png */,
				7C2B2B83E4AA40F78099A431 /* gradient-10-Icon-60x60@3x.png */,
			);
			name = DynamicAppIcons;
			path = "";
			sourceTree = "<group>";
		};
		D431DEA4EB9F089F6DD28606 /* FormAI */ = {
			isa = PBXGroup;
			children = (
				67EAAE229064A532D588C986 /* ExpoModulesProvider.swift */,
			);
			name = FormAI;
			sourceTree = "<group>";
		};
/* End PBXGroup section */

/* Begin PBXNativeTarget section */
		13B07F861A680F5B00A75B9A /* FormAI */ = {
			isa = PBXNativeTarget;
			buildConfigurationList = 13B07F931A680F5B00A75B9A /* Build configuration list for PBXNativeTarget "FormAI" */;
			buildPhases = (
				08A4A3CD28434E44B6B9DE2E /* [CP] Check Pods Manifest.lock */,
				BBD8EBA4BC67B222074F534B /* [Expo] Configure project */,
				13B07F871A680F5B00A75B9A /* Sources */,
				13B07F8C1A680F5B00A75B9A /* Frameworks */,
				13B07F8E1A680F5B00A75B9A /* Resources */,
				00DD1BFF1BD5951E006B06BC /* Bundle React Native code and images */,
				800E24972A6A228C8D4807E9 /* [CP] Copy Pods Resources */,
				B41ED9B6BB7095F43B78058A /* [CP] Embed Pods Frameworks */,
			);
			buildRules = (
			);
			dependencies = (
			);
			name = FormAI;
			productName = FormAI;
			productReference = 13B07F961A680F5B00A75B9A /* FormAI.app */;
			productType = "com.apple.product-type.application";
		};
/* End PBXNativeTarget section */

/* Begin PBXProject section */
		83CBB9F71A601CBA00E9B192 /* Project object */ = {
			isa = PBXProject;
			attributes = {
				LastUpgradeCheck = 1130;
				TargetAttributes = {
					13B07F861A680F5B00A75B9A = {
						LastSwiftMigration = 1250;
					};
				};
			};
			buildConfigurationList = 83CBB9FA1A601CBA00E9B192 /* Build configuration list for PBXProject "FormAI" */;
			compatibilityVersion = "Xcode 3.2";
			developmentRegion = en;
			hasScannedForEncodings = 0;
			knownRegions = (
				en,
				Base,
			);
			mainGroup = 83CBB9F61A601CBA00E9B192;
			productRefGroup = 83CBBA001A601CBA00E9B192 /* Products */;
			projectDirPath = "";
			projectRoot = "";
			targets = (
				13B07F861A680F5B00A75B9A /* FormAI */,
			);
		};
/* End PBXProject section */

/* Begin PBXResourcesBuildPhase section */
		13B07F8E1A680F5B00A75B9A /* Resources */ = {
			isa = PBXResourcesBuildPhase;
			buildActionMask = 2147483647;
			files = (
				BB2F792D24A3F905000567C9 /* Expo.plist in Resources */,
				13B07FBF1A68108700A75B9A /* Images.xcassets in Resources */,
				3E461D99554A48A4959DE609 /* SplashScreen.storyboard in Resources */,
				DA1C708D109B4EE68A2CD11D /* default-Icon-60x60@2x.png in Resources */,
				3900EC7588AE4874B2B61F26 /* default-Icon-60x60@3x.png in Resources */,
				9456608167E3495AAA17B4C8 /* black-Icon-60x60@2x.png in Resources */,
				AEFAFDFB5D084771AA77A35B /* black-Icon-60x60@3x.png in Resources */,
				D0F6D2F66FA44FEEBBEC2332 /* blue-Icon-60x60@2x.png in Resources */,
				A6340633339F48B89DB53B55 /* blue-Icon-60x60@3x.png in Resources */,
				594BF4CC1E354554ABD1122E /* green-Icon-60x60@2x.png in Resources */,
				137FBD097B4749D8B6A4A799 /* green-Icon-60x60@3x.png in Resources */,
				5BDD2C994511428FA4B4AC1E /* orange-Icon-60x60@2x.png in Resources */,
				E08BC3B2EF9D4650BECE15B3 /* orange-Icon-60x60@3x.png in Resources */,
				216D0F02C3104C3C8EBD2E11 /* pink-Icon-60x60@2x.png in Resources */,
				318DE1695CEF42A7B364D4AA /* pink-Icon-60x60@3x.png in Resources */,
				86E5BC1F6C914F4EB165240F /* purple-Icon-60x60@2x.png in Resources */,
				84DD11CA3CB34608B5732FD4 /* purple-Icon-60x60@3x.png in Resources */,
				FB2F73A951834E9FA7A2E087 /* red-Icon-60x60@2x.png in Resources */,
				D86398CCE22C4F0D9C6787BE /* red-Icon-60x60@3x.png in Resources */,
				F370E9913D1B4C93AC314834 /* yellow-Icon-60x60@2x.png in Resources */,
				3F22D54639B4450AAA261B4B /* yellow-Icon-60x60@3x.png in Resources */,
				8FD71654391044BDAFB693DF /* gradient-1-Icon-60x60@2x.png in Resources */,
				C7E13CBEBF5D4AEBB6BAD0F2 /* gradient-1-Icon-60x60@3x.png in Resources */,
				25D9DB8F76C944D9833A4511 /* gradient-2-Icon-60x60@2x.png in Resources */,
				2C7DA3FB12B24652891B8A64 /* gradient-2-Icon-60x60@3x.png in Resources */,
				DCE26400C588431CAF44BDBA /* gradient-3-Icon-60x60@2x.png in Resources */,
				029A135CDB174E2F9B807C29 /* gradient-3-Icon-60x60@3x.png in Resources */,
				C65D379E006B472EBC9F8EBC /* gradient-4-Icon-60x60@2x.png in Resources */,
				1F943747B36A40448B60068A /* gradient-4-Icon-60x60@3x.png in Resources */,
				D50E5C7530AA49C59511B39E /* gradient-5-Icon-60x60@2x.png in Resources */,
				ED70D0FDBBEF4127B1A934A7 /* gradient-5-Icon-60x60@3x.png in Resources */,
				70F16A16E59B4A54BCDDF1BE /* gradient-6-Icon-60x60@2x.png in Resources */,
				64BF8F07F56D43A1B6B71701 /* gradient-6-Icon-60x60@3x.png in Resources */,
				52F13628836C4FEEB6F3039F /* gradient-7-Icon-60x60@2x.png in Resources */,
				602C91656B2C40B49A2B331F /* gradient-7-Icon-60x60@3x.png in Resources */,
				DD0FCB6836144F45B15F3AC6 /* gradient-8-Icon-60x60@2x.png in Resources */,
				47FBE9CA17B34A6F9AB2F259 /* gradient-8-Icon-60x60@3x.png in Resources */,
				8911BAE9EFAD4E70A5E4A01F /* gradient-9-Icon-60x60@2x.png in Resources */,
				2AEDC5D7CA06453AABF30D6E /* gradient-9-Icon-60x60@3x.png in Resources */,
				BB550A248B9C4FF091EC9AB5 /* gradient-10-Icon-60x60@2x.png in Resources */,
				9F1015FF00EA4C2780942827 /* gradient-10-Icon-60x60@3x.png in Resources */,
				5A8551482E08FAC82CD07A67 /* PrivacyInfo.xcprivacy in Resources */,
			);
			runOnlyForDeploymentPostprocessing = 0;
		};
/* End PBXResourcesBuildPhase section */

/* Begin PBXShellScriptBuildPhase section */
		00DD1BFF1BD5951E006B06BC /* Bundle React Native code and images */ = {
			isa = PBXShellScriptBuildPhase;
			alwaysOutOfDate = 1;
			buildActionMask = 2147483647;
			files = (
			);
			inputPaths = (
			);
			name = "Bundle React Native code and images";
			outputPaths = (
			);
			runOnlyForDeploymentPostprocessing = 0;
			shellPath = /bin/sh;
			shellScript = "if [[ -f \"$PODS_ROOT/../.xcode.env\" ]]; then\n  source \"$PODS_ROOT/../.xcode.env\"\nfi\nif [[ -f \"$PODS_ROOT/../.xcode.env.local\" ]]; then\n  source \"$PODS_ROOT/../.xcode.env.local\"\nfi\n\n# The project root by default is one level up from the ios directory\nexport PROJECT_ROOT=\"$PROJECT_DIR\"/..\n\nif [[ \"$CONFIGURATION\" = *Debug* ]]; then\n  export SKIP_BUNDLING=1\nfi\nif [[ -z \"$ENTRY_FILE\" ]]; then\n  # Set the entry JS file using the bundler's entry resolution.\n  export ENTRY_FILE=\"$(\"$NODE_BINARY\" -e \"require('expo/scripts/resolveAppEntry')\" \"$PROJECT_ROOT\" ios absolute | tail -n 1)\"\nfi\n\nif [[ -z \"$CLI_PATH\" ]]; then\n  # Use Expo CLI\n  export CLI_PATH=\"$(\"$NODE_BINARY\" --print \"require.resolve('@expo/cli', { paths: [require.resolve('expo/package.json')] })\")\"\nfi\nif [[ -z \"$BUNDLE_COMMAND\" ]]; then\n  # Default Expo CLI command for bundling\n  export BUNDLE_COMMAND=\"export:embed\"\nfi\n\n# Source .xcode.env.updates if it exists to allow\n# SKIP_BUNDLING to be unset if needed\nif [[ -f \"$PODS_ROOT/../.xcode.env.updates\" ]]; then\n  source \"$PODS_ROOT/../.xcode.env.updates\"\nfi\n# Source local changes to allow overrides\n# if needed\nif [[ -f \"$PODS_ROOT/../.xcode.env.local\" ]]; then\n  source \"$PODS_ROOT/../.xcode.env.local\"\nfi\n\n`\"$NODE_BINARY\" --print \"require('path').dirname(require.resolve('react-native/package.json')) + '/scripts/react-native-xcode.sh'\"`\n\n";
		};
		08A4A3CD28434E44B6B9DE2E /* [CP] Check Pods Manifest.lock */ = {
			isa = PBXShellScriptBuildPhase;
			buildActionMask = 2147483647;
			files = (
			);
			inputFileListPaths = (
			);
			inputPaths = (
				"${PODS_PODFILE_DIR_PATH}/Podfile.lock",
				"${PODS_ROOT}/Manifest.lock",
			);
			name = "[CP] Check Pods Manifest.lock";
			outputFileListPaths = (
			);
			outputPaths = (
				"$(DERIVED_FILE_DIR)/Pods-FormAI-checkManifestLockResult.txt",
			);
			runOnlyForDeploymentPostprocessing = 0;
			shellPath = /bin/sh;
			shellScript = "diff \"${PODS_PODFILE_DIR_PATH}/Podfile.lock\" \"${PODS_ROOT}/Manifest.lock\" > /dev/null\nif [ $? != 0 ] ; then\n    # print error to STDERR\n    echo \"error: The sandbox is not in sync with the Podfile.lock. Run 'pod install' or update your CocoaPods installation.\" >&2\n    exit 1\nfi\n# This output is used by Xcode 'outputs' to avoid re-running this script phase.\necho \"SUCCESS\" > \"${SCRIPT_OUTPUT_FILE_0}\"\n";
			showEnvVarsInLog = 0;
		};
		800E24972A6A228C8D4807E9 /* [CP] Copy Pods Resources */ = {
			isa = PBXShellScriptBuildPhase;
			buildActionMask = 2147483647;
			files = (
			);
			inputPaths = (
				"${PODS_ROOT}/Target Support Files/Pods-FormAI/Pods-FormAI-resources.sh",
				"${PODS_CONFIGURATION_BUILD_DIR}/AppAuth/AppAuthCore_Privacy.bundle",
				"${PODS_CONFIGURATION_BUILD_DIR}/EXApplication/ExpoApplication_privacy.bundle",
				"${PODS_CONFIGURATION_BUILD_DIR}/EXConstants/EXConstants.bundle",
				"${PODS_CONFIGURATION_BUILD_DIR}/EXConstants/ExpoConstants_privacy.bundle",
				"${PODS_CONFIGURATION_BUILD_DIR}/EXNotifications/ExpoNotifications_privacy.bundle",
				"${PODS_CONFIGURATION_BUILD_DIR}/EXTaskManager/ExpoTaskManager_privacy.bundle",
				"${PODS_CONFIGURATION_BUILD_DIR}/EXUpdates/EXUpdates.bundle",
				"${PODS_CONFIGURATION_BUILD_DIR}/ExpoDevice/ExpoDevice_privacy.bundle",
				"${PODS_CONFIGURATION_BUILD_DIR}/ExpoFileSystem/ExpoFileSystem_privacy.bundle",
				"${PODS_CONFIGURATION_BUILD_DIR}/ExpoLocalization/ExpoLocalization_privacy.bundle",
				"${PODS_CONFIGURATION_BUILD_DIR}/ExpoMediaLibrary/ExpoMediaLibrary_privacy.bundle",
				"${PODS_CONFIGURATION_BUILD_DIR}/GTMSessionFetcher/GTMSessionFetcher_Core_Privacy.bundle",
				"${PODS_CONFIGURATION_BUILD_DIR}/GoogleSignIn/GoogleSignIn.bundle",
				"${PODS_CONFIGURATION_BUILD_DIR}/Mixpanel-swift/Mixpanel.bundle",
				"${PODS_CONFIGURATION_BUILD_DIR}/PurchasesHybridCommon/PurchasesHybridCommon.bundle",
				"${PODS_CONFIGURATION_BUILD_DIR}/RCT-Folly/RCT-Folly_privacy.bundle",
				"${PODS_CONFIGURATION_BUILD_DIR}/RNCAsyncStorage/RNCAsyncStorage_resources.bundle",
				"${PODS_CONFIGURATION_BUILD_DIR}/RNSVG/RNSVGFilters.bundle",
				"${PODS_CONFIGURATION_BUILD_DIR}/ReachabilitySwift/ReachabilitySwift.bundle",
				"${PODS_CONFIGURATION_BUILD_DIR}/React-Core/React-Core_privacy.bundle",
				"${PODS_CONFIGURATION_BUILD_DIR}/React-cxxreact/React-cxxreact_privacy.bundle",
				"${PODS_CONFIGURATION_BUILD_DIR}/RevenueCat/RevenueCat.bundle",
				"${PODS_CONFIGURATION_BUILD_DIR}/RevenueCatUI/RevenueCat_RevenueCatUI.bundle",
				"${PODS_CONFIGURATION_BUILD_DIR}/SDWebImage/SDWebImage.bundle",
				"${PODS_CONFIGURATION_BUILD_DIR}/SuperwallKit/SuperwallKit.bundle",
				"${PODS_CONFIGURATION_BUILD_DIR}/boost/boost_privacy.bundle",
				"${PODS_CONFIGURATION_BUILD_DIR}/expo-dev-launcher/EXDevLauncher.bundle",
				"${PODS_CONFIGURATION_BUILD_DIR}/expo-dev-menu/EXDevMenu.bundle",
				"${PODS_CONFIGURATION_BUILD_DIR}/glog/glog_privacy.bundle",
				"${PODS_CONFIGURATION_BUILD_DIR}/lottie-ios/LottiePrivacyInfo.bundle",
				"${PODS_CONFIGURATION_BUILD_DIR}/lottie-react-native/Lottie_React_Native_Privacy.bundle",
			);
			name = "[CP] Copy Pods Resources";
			outputPaths = (
				"${TARGET_BUILD_DIR}/${UNLOCALIZED_RESOURCES_FOLDER_PATH}/AppAuthCore_Privacy.bundle",
				"${TARGET_BUILD_DIR}/${UNLOCALIZED_RESOURCES_FOLDER_PATH}/ExpoApplication_privacy.bundle",
				"${TARGET_BUILD_DIR}/${UNLOCALIZED_RESOURCES_FOLDER_PATH}/EXConstants.bundle",
				"${TARGET_BUILD_DIR}/${UNLOCALIZED_RESOURCES_FOLDER_PATH}/ExpoConstants_privacy.bundle",
				"${TARGET_BUILD_DIR}/${UNLOCALIZED_RESOURCES_FOLDER_PATH}/ExpoNotifications_privacy.bundle",
				"${TARGET_BUILD_DIR}/${UNLOCALIZED_RESOURCES_FOLDER_PATH}/ExpoTaskManager_privacy.bundle",
				"${TARGET_BUILD_DIR}/${UNLOCALIZED_RESOURCES_FOLDER_PATH}/EXUpdates.bundle",
				"${TARGET_BUILD_DIR}/${UNLOCALIZED_RESOURCES_FOLDER_PATH}/ExpoDevice_privacy.bundle",
				"${TARGET_BUILD_DIR}/${UNLOCALIZED_RESOURCES_FOLDER_PATH}/ExpoFileSystem_privacy.bundle",
				"${TARGET_BUILD_DIR}/${UNLOCALIZED_RESOURCES_FOLDER_PATH}/ExpoLocalization_privacy.bundle",
				"${TARGET_BUILD_DIR}/${UNLOCALIZED_RESOURCES_FOLDER_PATH}/ExpoMediaLibrary_privacy.bundle",
				"${TARGET_BUILD_DIR}/${UNLOCALIZED_RESOURCES_FOLDER_PATH}/GTMSessionFetcher_Core_Privacy.bundle",
				"${TARGET_BUILD_DIR}/${UNLOCALIZED_RESOURCES_FOLDER_PATH}/GoogleSignIn.bundle",
				"${TARGET_BUILD_DIR}/${UNLOCALIZED_RESOURCES_FOLDER_PATH}/Mixpanel.bundle",
				"${TARGET_BUILD_DIR}/${UNLOCALIZED_RESOURCES_FOLDER_PATH}/PurchasesHybridCommon.bundle",
				"${TARGET_BUILD_DIR}/${UNLOCALIZED_RESOURCES_FOLDER_PATH}/RCT-Folly_privacy.bundle",
				"${TARGET_BUILD_DIR}/${UNLOCALIZED_RESOURCES_FOLDER_PATH}/RNCAsyncStorage_resources.bundle",
				"${TARGET_BUILD_DIR}/${UNLOCALIZED_RESOURCES_FOLDER_PATH}/RNSVGFilters.bundle",
				"${TARGET_BUILD_DIR}/${UNLOCALIZED_RESOURCES_FOLDER_PATH}/ReachabilitySwift.bundle",
				"${TARGET_BUILD_DIR}/${UNLOCALIZED_RESOURCES_FOLDER_PATH}/React-Core_privacy.bundle",
				"${TARGET_BUILD_DIR}/${UNLOCALIZED_RESOURCES_FOLDER_PATH}/React-cxxreact_privacy.bundle",
				"${TARGET_BUILD_DIR}/${UNLOCALIZED_RESOURCES_FOLDER_PATH}/RevenueCat.bundle",
				"${TARGET_BUILD_DIR}/${UNLOCALIZED_RESOURCES_FOLDER_PATH}/RevenueCat_RevenueCatUI.bundle",
				"${TARGET_BUILD_DIR}/${UNLOCALIZED_RESOURCES_FOLDER_PATH}/SDWebImage.bundle",
				"${TARGET_BUILD_DIR}/${UNLOCALIZED_RESOURCES_FOLDER_PATH}/SuperwallKit.bundle",
				"${TARGET_BUILD_DIR}/${UNLOCALIZED_RESOURCES_FOLDER_PATH}/boost_privacy.bundle",
				"${TARGET_BUILD_DIR}/${UNLOCALIZED_RESOURCES_FOLDER_PATH}/EXDevLauncher.bundle",
				"${TARGET_BUILD_DIR}/${UNLOCALIZED_RESOURCES_FOLDER_PATH}/EXDevMenu.bundle",
				"${TARGET_BUILD_DIR}/${UNLOCALIZED_RESOURCES_FOLDER_PATH}/glog_privacy.bundle",
				"${TARGET_BUILD_DIR}/${UNLOCALIZED_RESOURCES_FOLDER_PATH}/LottiePrivacyInfo.bundle",
				"${TARGET_BUILD_DIR}/${UNLOCALIZED_RESOURCES_FOLDER_PATH}/Lottie_React_Native_Privacy.bundle",
			);
			runOnlyForDeploymentPostprocessing = 0;
			shellPath = /bin/sh;
			shellScript = "\"${PODS_ROOT}/Target Support Files/Pods-FormAI/Pods-FormAI-resources.sh\"\n";
			showEnvVarsInLog = 0;
		};
		B41ED9B6BB7095F43B78058A /* [CP] Embed Pods Frameworks */ = {
			isa = PBXShellScriptBuildPhase;
			buildActionMask = 2147483647;
			files = (
			);
			inputPaths = (
				"${PODS_ROOT}/Target Support Files/Pods-FormAI/Pods-FormAI-frameworks.sh",
				"${PODS_XCFRAMEWORKS_BUILD_DIR}/hermes-engine/Pre-built/hermes.framework/hermes",
			);
			name = "[CP] Embed Pods Frameworks";
			outputPaths = (
				"${TARGET_BUILD_DIR}/${FRAMEWORKS_FOLDER_PATH}/hermes.framework",
			);
			runOnlyForDeploymentPostprocessing = 0;
			shellPath = /bin/sh;
			shellScript = "\"${PODS_ROOT}/Target Support Files/Pods-FormAI/Pods-FormAI-frameworks.sh\"\n";
			showEnvVarsInLog = 0;
		};
		BBD8EBA4BC67B222074F534B /* [Expo] Configure project */ = {
			isa = PBXShellScriptBuildPhase;
			alwaysOutOfDate = 1;
			buildActionMask = 2147483647;
			files = (
			);
			inputFileListPaths = (
			);
			inputPaths = (
			);
			name = "[Expo] Configure project";
			outputFileListPaths = (
			);
			outputPaths = (
			);
			runOnlyForDeploymentPostprocessing = 0;
			shellPath = /bin/sh;
			shellScript = "# This script configures Expo modules and generates the modules provider file.\nbash -l -c \"./Pods/Target\\ Support\\ Files/Pods-FormAI/expo-configure-project.sh\"\n";
		};
/* End PBXShellScriptBuildPhase section */

/* Begin PBXSourcesBuildPhase section */
		13B07F871A680F5B00A75B9A /* Sources */ = {
			isa = PBXSourcesBuildPhase;
			buildActionMask = 2147483647;
			files = (
				F11748422D0307B40044C1D9 /* AppDelegate.swift in Sources */,
				8582F51671D894BA8A4380B0 /* ExpoModulesProvider.swift in Sources */,
			);
			runOnlyForDeploymentPostprocessing = 0;
		};
/* End PBXSourcesBuildPhase section */

/* Begin XCBuildConfiguration section */
		13B07F941A680F5B00A75B9A /* Debug */ = {
			isa = XCBuildConfiguration;
			baseConfigurationReference = 789C4A719D2B54A7FFAEA716 /* Pods-FormAI.debug.xcconfig */;
			buildSettings = {
				ASSETCATALOG_COMPILER_APPICON_NAME = AppIcon;
				CLANG_ENABLE_MODULES = YES;
				CODE_SIGN_ENTITLEMENTS = FormAI/FormAI.entitlements;
				CURRENT_PROJECT_VERSION = 1;
				ENABLE_BITCODE = NO;
				GCC_PREPROCESSOR_DEFINITIONS = (
					"$(inherited)",
					"FB_SONARKIT_ENABLED=1",
				);
				INFOPLIST_FILE = FormAI/Info.plist;
				IPHONEOS_DEPLOYMENT_TARGET = 16.0;
				LD_RUNPATH_SEARCH_PATHS = (
					"$(inherited)",
					"@executable_path/Frameworks",
				);
				MARKETING_VERSION = 1.0;
				OTHER_LDFLAGS = (
					"$(inherited)",
					"-ObjC",
					"-lc++",
				);
				OTHER_SWIFT_FLAGS = "$(inherited) -D EXPO_CONFIGURATION_DEBUG";
				PRODUCT_BUNDLE_IDENTIFIER = com.useformai.formai;
				PRODUCT_NAME = FormAI;
				SWIFT_OBJC_BRIDGING_HEADER = "FormAI/FormAI-Bridging-Header.h";
				SWIFT_OPTIMIZATION_LEVEL = "-Onone";
				SWIFT_VERSION = 5.0;
				TARGETED_DEVICE_FAMILY = 1;
				VERSIONING_SYSTEM = "apple-generic";
			};
			name = Debug;
		};
		13B07F951A680F5B00A75B9A /* Release */ = {
			isa = XCBuildConfiguration;
			baseConfigurationReference = 3C3BC0C736A3807C16049899 /* Pods-FormAI.release.xcconfig */;
			buildSettings = {
				ASSETCATALOG_COMPILER_APPICON_NAME = AppIcon;
				CLANG_ENABLE_MODULES = YES;
				CODE_SIGN_ENTITLEMENTS = FormAI/FormAI.entitlements;
				CURRENT_PROJECT_VERSION = 1;
				INFOPLIST_FILE = FormAI/Info.plist;
				IPHONEOS_DEPLOYMENT_TARGET = 16.0;
				LD_RUNPATH_SEARCH_PATHS = (
					"$(inherited)",
					"@executable_path/Frameworks",
				);
				MARKETING_VERSION = 1.0;
				OTHER_LDFLAGS = (
					"$(inherited)",
					"-ObjC",
					"-lc++",
				);
				OTHER_SWIFT_FLAGS = "$(inherited) -D EXPO_CONFIGURATION_RELEASE";
				PRODUCT_BUNDLE_IDENTIFIER = com.useformai.formai;
				PRODUCT_NAME = FormAI;
				SWIFT_OBJC_BRIDGING_HEADER = "FormAI/FormAI-Bridging-Header.h";
				SWIFT_VERSION = 5.0;
				TARGETED_DEVICE_FAMILY = 1;
				VERSIONING_SYSTEM = "apple-generic";
			};
			name = Release;
		};
		83CBBA201A601CBA00E9B192 /* Debug */ = {
			isa = XCBuildConfiguration;
			buildSettings = {
				ALWAYS_SEARCH_USER_PATHS = NO;
				CLANG_ANALYZER_LOCALIZABILITY_NONLOCALIZED = YES;
				CLANG_CXX_LANGUAGE_STANDARD = "c++20";
				CLANG_CXX_LIBRARY = "libc++";
				CLANG_ENABLE_MODULES = YES;
				CLANG_ENABLE_OBJC_ARC = YES;
				CLANG_WARN_BLOCK_CAPTURE_AUTORELEASING = YES;
				CLANG_WARN_BOOL_CONVERSION = YES;
				CLANG_WARN_COMMA = YES;
				CLANG_WARN_CONSTANT_CONVERSION = YES;
				CLANG_WARN_DEPRECATED_OBJC_IMPLEMENTATIONS = YES;
				CLANG_WARN_DIRECT_OBJC_ISA_USAGE = YES_ERROR;
				CLANG_WARN_EMPTY_BODY = YES;
				CLANG_WARN_ENUM_CONVERSION = YES;
				CLANG_WARN_INFINITE_RECURSION = YES;
				CLANG_WARN_INT_CONVERSION = YES;
				CLANG_WARN_NON_LITERAL_NULL_CONVERSION = YES;
				CLANG_WARN_OBJC_IMPLICIT_RETAIN_SELF = YES;
				CLANG_WARN_OBJC_LITERAL_CONVERSION = YES;
				CLANG_WARN_OBJC_ROOT_CLASS = YES_ERROR;
				CLANG_WARN_RANGE_LOOP_ANALYSIS = YES;
				CLANG_WARN_STRICT_PROTOTYPES = YES;
				CLANG_WARN_SUSPICIOUS_MOVE = YES;
				CLANG_WARN_UNREACHABLE_CODE = YES;
				CLANG_WARN__DUPLICATE_METHOD_MATCH = YES;
				"CODE_SIGN_IDENTITY[sdk=iphoneos*]" = "iPhone Developer";
				COPY_PHASE_STRIP = NO;
				ENABLE_STRICT_OBJC_MSGSEND = YES;
				ENABLE_TESTABILITY = YES;
				GCC_C_LANGUAGE_STANDARD = gnu99;
				GCC_DYNAMIC_NO_PIC = NO;
				GCC_NO_COMMON_BLOCKS = YES;
				GCC_OPTIMIZATION_LEVEL = 0;
				GCC_PREPROCESSOR_DEFINITIONS = (
					"DEBUG=1",
					"$(inherited)",
				);
				GCC_SYMBOLS_PRIVATE_EXTERN = NO;
				GCC_WARN_64_TO_32_BIT_CONVERSION = YES;
				GCC_WARN_ABOUT_RETURN_TYPE = YES_ERROR;
				GCC_WARN_UNDECLARED_SELECTOR = YES;
				GCC_WARN_UNINITIALIZED_AUTOS = YES_AGGRESSIVE;
				GCC_WARN_UNUSED_FUNCTION = YES;
				GCC_WARN_UNUSED_VARIABLE = YES;
				IPHONEOS_DEPLOYMENT_TARGET = 15.1;
				LD_RUNPATH_SEARCH_PATHS = (
					/usr/lib/swift,
					"$(inherited)",
				);
				LIBRARY_SEARCH_PATHS = "$(SDKROOT)/usr/lib/swift\"$(inherited)\"";
				MTL_ENABLE_DEBUG_INFO = YES;
				ONLY_ACTIVE_ARCH = YES;
				OTHER_LDFLAGS = (
					"$(inherited)",
					" ",
				);
				REACT_NATIVE_PATH = "${PODS_ROOT}/../../node_modules/react-native";
				SDKROOT = iphoneos;
				SWIFT_ACTIVE_COMPILATION_CONDITIONS = "$(inherited) DEBUG";
				USE_HERMES = true;
			};
			name = Debug;
		};
		83CBBA211A601CBA00E9B192 /* Release */ = {
			isa = XCBuildConfiguration;
			buildSettings = {
				ALWAYS_SEARCH_USER_PATHS = NO;
				CLANG_ANALYZER_LOCALIZABILITY_NONLOCALIZED = YES;
				CLANG_CXX_LANGUAGE_STANDARD = "c++20";
				CLANG_CXX_LIBRARY = "libc++";
				CLANG_ENABLE_MODULES = YES;
				CLANG_ENABLE_OBJC_ARC = YES;
				CLANG_WARN_BLOCK_CAPTURE_AUTORELEASING = YES;
				CLANG_WARN_BOOL_CONVERSION = YES;
				CLANG_WARN_COMMA = YES;
				CLANG_WARN_CONSTANT_CONVERSION = YES;
				CLANG_WARN_DEPRECATED_OBJC_IMPLEMENTATIONS = YES;
				CLANG_WARN_DIRECT_OBJC_ISA_USAGE = YES_ERROR;
				CLANG_WARN_EMPTY_BODY = YES;
				CLANG_WARN_ENUM_CONVERSION = YES;
				CLANG_WARN_INFINITE_RECURSION = YES;
				CLANG_WARN_INT_CONVERSION = YES;
				CLANG_WARN_NON_LITERAL_NULL_CONVERSION = YES;
				CLANG_WARN_OBJC_IMPLICIT_RETAIN_SELF = YES;
				CLANG_WARN_OBJC_LITERAL_CONVERSION = YES;
				CLANG_WARN_OBJC_ROOT_CLASS = YES_ERROR;
				CLANG_WARN_RANGE_LOOP_ANALYSIS = YES;
				CLANG_WARN_STRICT_PROTOTYPES = YES;
				CLANG_WARN_SUSPICIOUS_MOVE = YES;
				CLANG_WARN_UNREACHABLE_CODE = YES;
				CLANG_WARN__DUPLICATE_METHOD_MATCH = YES;
				"CODE_SIGN_IDENTITY[sdk=iphoneos*]" = "iPhone Developer";
				COPY_PHASE_STRIP = YES;
				ENABLE_NS_ASSERTIONS = NO;
				ENABLE_STRICT_OBJC_MSGSEND = YES;
				GCC_C_LANGUAGE_STANDARD = gnu99;
				GCC_NO_COMMON_BLOCKS = YES;
				GCC_WARN_64_TO_32_BIT_CONVERSION = YES;
				GCC_WARN_ABOUT_RETURN_TYPE = YES_ERROR;
				GCC_WARN_UNDECLARED_SELECTOR = YES;
				GCC_WARN_UNINITIALIZED_AUTOS = YES_AGGRESSIVE;
				GCC_WARN_UNUSED_FUNCTION = YES;
				GCC_WARN_UNUSED_VARIABLE = YES;
				IPHONEOS_DEPLOYMENT_TARGET = 15.1;
				LD_RUNPATH_SEARCH_PATHS = (
					/usr/lib/swift,
					"$(inherited)",
				);
				LIBRARY_SEARCH_PATHS = "$(SDKROOT)/usr/lib/swift\"$(inherited)\"";
				MTL_ENABLE_DEBUG_INFO = NO;
				OTHER_LDFLAGS = (
					"$(inherited)",
					" ",
				);
				REACT_NATIVE_PATH = "${PODS_ROOT}/../../node_modules/react-native";
				SDKROOT = iphoneos;
				USE_HERMES = true;
				VALIDATE_PRODUCT = YES;
			};
			name = Release;
		};
/* End XCBuildConfiguration section */

/* Begin XCConfigurationList section */
		13B07F931A680F5B00A75B9A /* Build configuration list for PBXNativeTarget "FormAI" */ = {
			isa = XCConfigurationList;
			buildConfigurations = (
				13B07F941A680F5B00A75B9A /* Debug */,
				13B07F951A680F5B00A75B9A /* Release */,
			);
			defaultConfigurationIsVisible = 0;
			defaultConfigurationName = Release;
		};
		83CBB9FA1A601CBA00E9B192 /* Build configuration list for PBXProject "FormAI" */ = {
			isa = XCConfigurationList;
			buildConfigurations = (
				83CBBA201A601CBA00E9B192 /* Debug */,
				83CBBA211A601CBA00E9B192 /* Release */,
			);
			defaultConfigurationIsVisible = 0;
			defaultConfigurationName = Release;
		};
/* End XCConfigurationList section */
	};
	rootObject = 83CBB9F71A601CBA00E9B192 /* Project object */;
}
